
Microsoft Visual Studio Solution File, Format Version 12.00
# Visual Studio Version 17
VisualStudioVersion = 17.0.32014.148
MinimumVisualStudioVersion = 10.0.40219.1
Project("{FAE04EC0-301F-11D3-BF4B-00C04F79EFBC}") = "WebApplication1", "WebApplication1.csproj", "{FB642720-A67C-4228-BAEF-752347D85165}"
EndProject
Global
	GlobalSection(SolutionConfigurationPlatforms) = preSolution
		Debug|Any CPU = Debug|Any CPU
		Release|Any CPU = Release|Any CPU
	EndGlobalSection
	GlobalSection(ProjectConfigurationPlatforms) = postSolution
		{FB642720-A67C-4228-BAEF-752347D85165}.Debug|Any CPU.ActiveCfg = Debug|Any CPU
		{FB642720-A67C-4228-BAEF-752347D85165}.Debug|Any CPU.Build.0 = Debug|Any CPU
		{FB642720-A67C-4228-BAEF-752347D85165}.Release|Any CPU.ActiveCfg = Release|Any CPU
		{FB642720-A67C-4228-BAEF-752347D85165}.Release|Any CPU.Build.0 = Release|Any CPU
	EndGlobalSection
	GlobalSection(SolutionProperties) = preSolution
		HideSolutionNode = FALSE
	EndGlobalSection
	GlobalSection(ExtensibilityGlobals) = postSolution
		SolutionGuid = {75C443DD-58B6-40ED-8FC6-995B80D420E2}
	EndGlobalSection
EndGlobal
